{
  "version": 4,
  "terraform_version": "1.5.7",
  "serial": 5,
  "lineage": "ab6fcc8a-14ff-8ccf-1347-ebe6929643f3",
  "outputs": {},
  "resources": [
    {
      "module": "module.mynetwork",
      "mode": "managed",
      "type": "google_compute_firewall",
      "name": "mynetwork-allow-http-ssh-rdp-icmp",
      "provider": "provider[\"registry.terraform.io/hashicorp/google\"]",
      "instances": [
        {
          "schema_version": 1,
          "attributes": {
            "allow": [
              {
                "ports": [
                  "22",
                  "80",
                  "3389"
                ],
                "protocol": "tcp"
              },
              {
                "ports": [],
                "protocol": "icmp"
              }
            ],
            "creation_timestamp": "2024-05-11T11:18:42.933-07:00",
            "deny": [],
            "description": "",
            "destination_ranges": [],
            "direction": "INGRESS",
            "disabled": false,
            "enable_logging": null,
            "id": "projects/qwiklabs-gcp-02-0b40419e74b4/global/firewalls/mynetwork-allow-http-ssh-rdp-icmp",
            "log_config": [],
            "name": "mynetwork-allow-http-ssh-rdp-icmp",
            "network": "https://www.googleapis.com/compute/v1/projects/qwiklabs-gcp-02-0b40419e74b4/global/networks/mynetwork",
            "priority": 1000,
            "project": "qwiklabs-gcp-02-0b40419e74b4",
            "self_link": "https://www.googleapis.com/compute/v1/projects/qwiklabs-gcp-02-0b40419e74b4/global/firewalls/mynetwork-allow-http-ssh-rdp-icmp",
            "source_ranges": [
              "0.0.0.0/0"
            ],
            "source_service_accounts": null,
            "source_tags": null,
            "target_service_accounts": null,
            "target_tags": null,
            "timeouts": null
          },
          "sensitive_attributes": [],
          "private": "eyJlMmJmYjczMC1lY2FhLTExZTYtOGY4OC0zNDM2M2JjN2M0YzAiOnsiY3JlYXRlIjoxMjAwMDAwMDAwMDAwLCJkZWxldGUiOjEyMDAwMDAwMDAwMDAsInVwZGF0ZSI6MTIwMDAwMDAwMDAwMH0sInNjaGVtYV92ZXJzaW9uIjoiMSJ9",
          "dependencies": [
            "module.mynetwork.google_compute_network.mynetwork"
          ]
        }
      ]
    },
    {
      "module": "module.mynetwork",
      "mode": "managed",
      "type": "google_compute_network",
      "name": "mynetwork",
      "provider": "provider[\"registry.terraform.io/hashicorp/google\"]",
      "instances": [
        {
          "schema_version": 0,
          "attributes": {
            "auto_create_subnetworks": true,
            "delete_default_routes_on_create": false,
            "description": "",
            "enable_ula_internal_ipv6": false,
            "gateway_ipv4": "",
            "id": "projects/qwiklabs-gcp-02-0b40419e74b4/global/networks/mynetwork",
            "internal_ipv6_range": "",
            "mtu": 0,
            "name": "mynetwork",
            "network_firewall_policy_enforcement_order": "AFTER_CLASSIC_FIREWALL",
            "numeric_id": "6794806305964034209",
            "project": "qwiklabs-gcp-02-0b40419e74b4",
            "routing_mode": "REGIONAL",
            "self_link": "https://www.googleapis.com/compute/v1/projects/qwiklabs-gcp-02-0b40419e74b4/global/networks/mynetwork",
            "timeouts": null
          },
          "sensitive_attributes": [],
          "private": "eyJlMmJmYjczMC1lY2FhLTExZTYtOGY4OC0zNDM2M2JjN2M0YzAiOnsiY3JlYXRlIjoxMjAwMDAwMDAwMDAwLCJkZWxldGUiOjEyMDAwMDAwMDAwMDAsInVwZGF0ZSI6MTIwMDAwMDAwMDAwMH19"
        }
      ]
    }
  ],
  "check_results": null
}
